// !$*UTF8*$!
{
	archiveVersion = 1;
	classes = {
	};
	objectVersion = 46;
	objects = {

/* Begin PBXBuildFile section */
		04AEACCF1BCE43B400C1B960 /* Foundation.framework in Frameworks */ = {isa = PBXBuildFile; fileRef = 04AEACCE1BCE43B400C1B960 /* Foundation.framework */; };
		04AEACD11BCE43B400C1B960 /* CoreGraphics.framework in Frameworks */ = {isa = PBXBuildFile; fileRef = 04AEACD01BCE43B400C1B960 /* CoreGraphics.framework */; };
		04AEACD31BCE43B400C1B960 /* UIKit.framework in Frameworks */ = {isa = PBXBuildFile; fileRef = 04AEACD21BCE43B400C1B960 /* UIKit.framework */; };
		04AEACD91BCE43B400C1B960 /* InfoPlist.strings in Resources */ = {isa = PBXBuildFile; fileRef = 04AEACD71BCE43B400C1B960 /* InfoPlist.strings */; };
		04AEACDB1BCE43B400C1B960 /* main.m in Sources */ = {isa = PBXBuildFile; fileRef = 04AEACDA1BCE43B400C1B960 /* main.m */; };
		04AEACDF1BCE43B400C1B960 /* PJAppDelegate.m in Sources */ = {isa = PBXBuildFile; fileRef = 04AEACDE1BCE43B400C1B960 /* PJAppDelegate.m */; };
		04AEACE11BCE43B400C1B960 /* Images.xcassets in Resources */ = {isa = PBXBuildFile; fileRef = 04AEACE01BCE43B400C1B960 /* Images.xcassets */; };
		04AEACE81BCE43B500C1B960 /* XCTest.framework in Frameworks */ = {isa = PBXBuildFile; fileRef = 04AEACE71BCE43B500C1B960 /* XCTest.framework */; };
		04AEACE91BCE43B500C1B960 /* Foundation.framework in Frameworks */ = {isa = PBXBuildFile; fileRef = 04AEACCE1BCE43B400C1B960 /* Foundation.framework */; };
		04AEACEA1BCE43B500C1B960 /* UIKit.framework in Frameworks */ = {isa = PBXBuildFile; fileRef = 04AEACD21BCE43B400C1B960 /* UIKit.framework */; };
		04AEACF21BCE43B500C1B960 /* InfoPlist.strings in Resources */ = {isa = PBXBuildFile; fileRef = 04AEACF01BCE43B500C1B960 /* InfoPlist.strings */; };
		04AEACF41BCE43B500C1B960 /* shuaiTests.m in Sources */ = {isa = PBXBuildFile; fileRef = 04AEACF31BCE43B500C1B960 /* shuaiTests.m */; };
/* End PBXBuildFile section */

/* Begin PBXContainerItemProxy section */
		04AEACEB1BCE43B500C1B960 /* PBXContainerItemProxy */ = {
			isa = PBXContainerItemProxy;
			containerPortal = 04AEACC31BCE43B400C1B960 /* Project object */;
			proxyType = 1;
			remoteGlobalIDString = 04AEACCA1BCE43B400C1B960;
			remoteInfo = shuai;
		};
/* End PBXContainerItemProxy section */

/* Begin PBXFileReference section */
		04AEACCB1BCE43B400C1B960 /* shuai.app */ = {isa = PBXFileReference; explicitFileType = wrapper.application; includeInIndex = 0; path = shuai.app; sourceTree = BUILT_PRODUCTS_DIR; };
		04AEACCE1BCE43B400C1B960 /* Foundation.framework */ = {isa = PBXFileReference; lastKnownFileType = wrapper.framework; name = Foundation.framework; path = System/Library/Frameworks/Foundation.framework; sourceTree = SDKROOT; };
		04AEACD01BCE43B400C1B960 /* CoreGraphics.framework */ = {isa = PBXFileReference; lastKnownFileType = wrapper.framework; name = CoreGraphics.framework; path = System/Library/Frameworks/CoreGraphics.framework; sourceTree = SDKROOT; };
		04AEACD21BCE43B400C1B960 /* UIKit.framework */ = {isa = PBXFileReference; lastKnownFileType = wrapper.framework; name = UIKit.framework; path = System/Library/Frameworks/UIKit.framework; sourceTree = SDKROOT; };
		04AEACD61BCE43B400C1B960 /* shuai-Info.plist */ = {isa = PBXFileReference; lastKnownFileType = text.plist.xml; path = "shuai-Info.plist"; sourceTree = "<group>"; };
		04AEACD81BCE43B400C1B960 /* en */ = {isa = PBXFileReference; lastKnownFileType = text.plist.strings; name = en; path = en.lproj/InfoPlist.strings; sourceTree = "<group>"; };
		04AEACDA1BCE43B400C1B960 /* main.m */ = {isa = PBXFileReference; lastKnownFileType = sourcecode.c.objc; path = main.m; sourceTree = "<group>"; };
		04AEACDC1BCE43B400C1B960 /* shuai-Prefix.pch */ = {isa = PBXFileReference; lastKnownFileType = sourcecode.c.h; path = "shuai-Prefix.pch"; sourceTree = "<group>"; };
		04AEACDD1BCE43B400C1B960 /* PJAppDelegate.h */ = {isa = PBXFileReference; lastKnownFileType = sourcecode.c.h; path = PJAppDelegate.h; sourceTree = "<group>"; };
		04AEACDE1BCE43B400C1B960 /* PJAppDelegate.m */ = {isa = PBXFileReference; lastKnownFileType = sourcecode.c.objc; path = PJAppDelegate.m; sourceTree = "<group>"; };
		04AEACE01BCE43B400C1B960 /* Images.xcassets */ = {isa = PBXFileReference; lastKnownFileType = folder.assetcatalog; path = Images.xcassets; sourceTree = "<group>"; };
		04AEACE61BCE43B500C1B960 /* shuaiTests.xctest */ = {isa = PBXFileReference; explicitFileType = wrapper.cfbundle; includeInIndex = 0; path = shuaiTests.xctest; sourceTree = BUILT_PRODUCTS_DIR; };
		04AEACE71BCE43B500C1B960 /* XCTest.framework */ = {isa = PBXFileReference; lastKnownFileType = wrapper.framework; name = XCTest.framework; path = Library/Frameworks/XCTest.framework; sourceTree = DEVELOPER_DIR; };
		04AEACEF1BCE43B500C1B960 /* shuaiTests-Info.plist */ = {isa = PBXFileReference; lastKnownFileType = text.plist.xml; path = "shuaiTests-Info.plist"; sourceTree = "<group>"; };
		04AEACF11BCE43B500C1B960 /* en */ = {isa = PBXFileReference; lastKnownFileType = text.plist.strings; name = en; path = en.lproj/InfoPlist.strings; sourceTree = "<group>"; };
		04AEACF31BCE43B500C1B960 /* shuaiTests.m */ = {isa = PBXFileReference; lastKnownFileType = sourcecode.c.objc; path = shuaiTests.m; sourceTree = "<group>"; };
/* End PBXFileReference section */

/* Begin PBXFrameworksBuildPhase section */
		04AEACC81BCE43B400C1B960 /* Frameworks */ = {
			isa = PBXFrameworksBuildPhase;
			buildActionMask = 2147483647;
			files = (
				04AEACD11BCE43B400C1B960 /* CoreGraphics.framework in Frameworks */,
				04AEACD31BCE43B400C1B960 /* UIKit.framework in Frameworks */,
				04AEACCF1BCE43B400C1B960 /* Foundation.framework in Frameworks */,
			);
			runOnlyForDeploymentPostprocessing = 0;
		};
		04AEACE31BCE43B500C1B960 /* Frameworks */ = {
			isa = PBXFrameworksBuildPhase;
			buildActionMask = 2147483647;
			files = (
				04AEACE81BCE43B500C1B960 /* XCTest.framework in Frameworks */,
				04AEACEA1BCE43B500C1B960 /* UIKit.framework in Frameworks */,
				04AEACE91BCE43B500C1B960 /* Foundation.framework in Frameworks */,
			);
			runOnlyForDeploymentPostprocessing = 0;
		};
/* End PBXFrameworksBuildPhase section */

/* Begin PBXGroup section */
		04AEACC21BCE43B400C1B960 = {
			isa = PBXGroup;
			children = (
				04AEACD41BCE43B400C1B960 /* shuai */,
				04AEACED1BCE43B500C1B960 /* shuaiTests */,
				04AEACCD1BCE43B400C1B960 /* Frameworks */,
				04AEACCC1BCE43B400C1B960 /* Products */,
			);
			sourceTree = "<group>";
		};
		04AEACCC1BCE43B400C1B960 /* Products */ = {
			isa = PBXGroup;
			children = (
				04AEACCB1BCE43B400C1B960 /* shuai.app */,
				04AEACE61BCE43B500C1B960 /* shuaiTests.xctest */,
			);
			name = Products;
			sourceTree = "<group>";
		};
		04AEACCD1BCE43B400C1B960 /* Frameworks */ = {
			isa = PBXGroup;
			children = (
				04AEACCE1BCE43B400C1B960 /* Foundation.framework */,
				04AEACD01BCE43B400C1B960 /* CoreGraphics.framework */,
				04AEACD21BCE43B400C1B960 /* UIKit.framework */,
				04AEACE71BCE43B500C1B960 /* XCTest.framework */,
			);
			name = Frameworks;
			sourceTree = "<group>";
		};
		04AEACD41BCE43B400C1B960 /* shuai */ = {
			isa = PBXGroup;
			children = (
				04AEACDD1BCE43B400C1B960 /* PJAppDelegate.h */,
				04AEACDE1BCE43B400C1B960 /* PJAppDelegate.m */,
				04AEACE01BCE43B400C1B960 /* Images.xcassets */,
				04AEACD51BCE43B400C1B960 /* Supporting Files */,
			);
			path = shuai;
			sourceTree = "<group>";
		};
		04AEACD51BCE43B400C1B960 /* Supporting Files */ = {
			isa = PBXGroup;
			children = (
				04AEACD61BCE43B400C1B960 /* shuai-Info.plist */,
				04AEACD71BCE43B400C1B960 /* InfoPlist.strings */,
				04AEACDA1BCE43B400C1B960 /* main.m */,
				04AEACDC1BCE43B400C1B960 /* shuai-Prefix.pch */,
			);
			name = "Supporting Files";
			sourceTree = "<group>";
		};
		04AEACED1BCE43B500C1B960 /* shuaiTests */ = {
			isa = PBXGroup;
			children = (
				04AEACF31BCE43B500C1B960 /* shuaiTests.m */,
				04AEACEE1BCE43B500C1B960 /* Supporting Files */,
			);
			path = shuaiTests;
			sourceTree = "<group>";
		};
		04AEACEE1BCE43B500C1B960 /* Supporting Files */ = {
			isa = PBXGroup;
			children = (
				04AEACEF1BCE43B500C1B960 /* shuaiTests-Info.plist */,
				04AEACF01BCE43B500C1B960 /* InfoPlist.strings */,
			);
			name = "Supporting Files";
			sourceTree = "<group>";
		};
/* End PBXGroup section */

/* Begin PBXNativeTarget section */
		04AEACCA1BCE43B400C1B960 /* shuai */ = {
			isa = PBXNativeTarget;
			buildConfigurationList = 04AEACF71BCE43B500C1B960 /* Build configuration list for PBXNativeTarget "shuai" */;
			buildPhases = (
				04AEACC71BCE43B400C1B960 /* Sources */,
				04AEACC81BCE43B400C1B960 /* Frameworks */,
				04AEACC91BCE43B400C1B960 /* Resources */,
			);
			buildRules = (
			);
			dependencies = (
			);
			name = shuai;
			productName = shuai;
			productReference = 04AEACCB1BCE43B400C1B960 /* shuai.app */;
			productType = "com.apple.product-type.application";
		};
		04AEACE51BCE43B500C1B960 /* shuaiTests */ = {
			isa = PBXNativeTarget;
			buildConfigurationList = 04AEACFA1BCE43B500C1B960 /* Build configuration list for PBXNativeTarget "shuaiTests" */;
			buildPhases = (
				04AEACE21BCE43B500C1B960 /* Sources */,
				04AEACE31BCE43B500C1B960 /* Frameworks */,
				04AEACE41BCE43B500C1B960 /* Resources */,
			);
			buildRules = (
			);
			dependencies = (
				04AEACEC1BCE43B500C1B960 /* PBXTargetDependency */,
			);
			name = shuaiTests;
			productName = shuaiTests;
			productReference = 04AEACE61BCE43B500C1B960 /* shuaiTests.xctest */;
			productType = "com.apple.product-type.bundle.unit-test";
		};
/* End PBXNativeTarget section */

/* Begin PBXProject section */
		04AEACC31BCE43B400C1B960 /* Project object */ = {
			isa = PBXProject;
			attributes = {
				CLASSPREFIX = PJ;
				LastUpgradeCheck = 0510;
				ORGANIZATIONNAME = zhiyou;
				TargetAttributes = {
					04AEACE51BCE43B500C1B960 = {
						TestTargetID = 04AEACCA1BCE43B400C1B960;
					};
				};
			};
			buildConfigurationList = 04AEACC61BCE43B400C1B960 /* Build configuration list for PBXProject "shuai" */;
			compatibilityVersion = "Xcode 3.2";
			developmentRegion = English;
			hasScannedForEncodings = 0;
			knownRegions = (
				en,
			);
			mainGroup = 04AEACC21BCE43B400C1B960;
			productRefGroup = 04AEACCC1BCE43B400C1B960 /* Products */;
			projectDirPath = "";
			projectRoot = "";
			targets = (
				04AEACCA1BCE43B400C1B960 /* shuai */,
				04AEACE51BCE43B500C1B960 /* shuaiTests */,
			);
		};
/* End PBXProject section */

/* Begin PBXResourcesBuildPhase section */
		04AEACC91BCE43B400C1B960 /* Resources */ = {
			isa = PBXResourcesBuildPhase;
			buildActionMask = 2147483647;
			files = (
				04AEACD91BCE43B400C1B960 /* InfoPlist.strings in Resources */,
				04AEACE11BCE43B400C1B960 /* Images.xcassets in Resources */,
			);
			runOnlyForDeploymentPostprocessing = 0;
		};
		04AEACE41BCE43B500C1B960 /* Resources */ = {
			isa = PBXResourcesBuildPhase;
			buildActionMask = 2147483647;
			files = (
				04AEACF21BCE43B500C1B960 /* InfoPlist.strings in Resources */,
			);
			runOnlyForDeploymentPostprocessing = 0;
		};
/* End PBXResourcesBuildPhase section */

/* Begin PBXSourcesBuildPhase section */
		04AEACC71BCE43B400C1B960 /* Sources */ = {
			isa = PBXSourcesBuildPhase;
			buildActionMask = 2147483647;
			files = (
				04AEACDF1BCE43B400C1B960 /* PJAppDelegate.m in Sources */,
				04AEACDB1BCE43B400C1B960 /* main.m in Sources */,
			);
			runOnlyForDeploymentPostprocessing = 0;
		};
		04AEACE21BCE43B500C1B960 /* Sources */ = {
			isa = PBXSourcesBuildPhase;
			buildActionMask = 2147483647;
			files = (
				04AEACF41BCE43B500C1B960 /* shuaiTests.m in Sources */,
			);
			runOnlyForDeploymentPostprocessing = 0;
		};
/* End PBXSourcesBuildPhase section */

/* Begin PBXTargetDependency section */
		04AEACEC1BCE43B500C1B960 /* PBXTargetDependency */ = {
			isa = PBXTargetDependency;
			target = 04AEACCA1BCE43B400C1B960 /* shuai */;
			targetProxy = 04AEACEB1BCE43B500C1B960 /* PBXContainerItemProxy */;
		};
/* End PBXTargetDependency section */

/* Begin PBXVariantGroup section */
		04AEACD71BCE43B400C1B960 /* InfoPlist.strings */ = {
			isa = PBXVariantGroup;
			children = (
				04AEACD81BCE43B400C1B960 /* en */,
			);
			name = InfoPlist.strings;
			sourceTree = "<group>";
		};
		04AEACF01BCE43B500C1B960 /* InfoPlist.strings */ = {
			isa = PBXVariantGroup;
			children = (
				04AEACF11BCE43B500C1B960 /* en */,
			);
			name = InfoPlist.strings;
			sourceTree = "<group>";
		};
/* End PBXVariantGroup section */

/* Begin XCBuildConfiguration section */
		04AEACF51BCE43B500C1B960 /* Debug */ = {
			isa = XCBuildConfiguration;
			buildSettings = {
				ALWAYS_SEARCH_USER_PATHS = NO;
				CLANG_CXX_LANGUAGE_STANDARD = "gnu++0x";
				CLANG_CXX_LIBRARY = "libc++";
				CLANG_ENABLE_MODULES = YES;
				CLANG_ENABLE_OBJC_ARC = YES;
				CLANG_WARN_BOOL_CONVERSION = YES;
				CLANG_WARN_CONSTANT_CONVERSION = YES;
				CLANG_WARN_DIRECT_OBJC_ISA_USAGE = YES_ERROR;
				CLANG_WARN_EMPTY_BODY = YES;
				CLANG_WARN_ENUM_CONVERSION = YES;
				CLANG_WARN_INT_CONVERSION = YES;
				CLANG_WARN_OBJC_ROOT_CLASS = YES_ERROR;
				CLANG_WARN__DUPLICATE_METHOD_MATCH = YES;
				"CODE_SIGN_IDENTITY[sdk=iphoneos*]" = "iPhone Developer";
				COPY_PHASE_STRIP = NO;
				GCC_C_LANGUAGE_STANDARD = gnu99;
				GCC_DYNAMIC_NO_PIC = NO;
				GCC_OPTIMIZATION_LEVEL = 0;
				GCC_PREPROCESSOR_DEFINITIONS = (
					"DEBUG=1",
					"$(inherited)",
				);
				GCC_SYMBOLS_PRIVATE_EXTERN = NO;
				GCC_WARN_64_TO_32_BIT_CONVERSION = YES;
				GCC_WARN_ABOUT_RETURN_TYPE = YES_ERROR;
				GCC_WARN_UNDECLARED_SELECTOR = YES;
				GCC_WARN_UNINITIALIZED_AUTOS = YES_AGGRESSIVE;
				GCC_WARN_UNUSED_FUNCTION = YES;
				GCC_WARN_UNUSED_VARIABLE = YES;
				IPHONEOS_DEPLOYMENT_TARGET = 7.1;
				ONLY_ACTIVE_ARCH = YES;
				SDKROOT = iphoneos;
			};
			name = Debug;
		};
		04AEACF61BCE43B500C1B960 /* Release */ = {
			isa = XCBuildConfiguration;
			buildSettings = {
				ALWAYS_SEARCH_USER_PATHS = NO;
				CLANG_CXX_LANGUAGE_STANDARD = "gnu++0x";
				CLANG_CXX_LIBRARY = "libc++";
				CLANG_ENABLE_MODULES = YES;
				CLANG_ENABLE_OBJC_ARC = YES;
				CLANG_WARN_BOOL_CONVERSION = YES;
				CLANG_WARN_CONSTANT_CONVERSION = YES;
				CLANG_WARN_DIRECT_OBJC_ISA_USAGE = YES_ERROR;
				CLANG_WARN_EMPTY_BODY = YES;
				CLANG_WARN_ENUM_CONVERSION = YES;
				CLANG_WARN_INT_CONVERSION = YES;
				CLANG_WARN_OBJC_ROOT_CLASS = YES_ERROR;
				CLANG_WARN__DUPLICATE_METHOD_MATCH = YES;
				"CODE_SIGN_IDENTITY[sdk=iphoneos*]" = "iPhone Developer";
				COPY_PHASE_STRIP = YES;
				ENABLE_NS_ASSERTIONS = NO;
				GCC_C_LANGUAGE_STANDARD = gnu99;
				GCC_WARN_64_TO_32_BIT_CONVERSION = YES;
				GCC_WARN_ABOUT_RETURN_TYPE = YES_ERROR;
				GCC_WARN_UNDECLARED_SELECTOR = YES;
				GCC_WARN_UNINITIALIZED_AUTOS = YES_AGGRESSIVE;
				GCC_WARN_UNUSED_FUNCTION = YES;
				GCC_WARN_UNUSED_VARIABLE = YES;
				IPHONEOS_DEPLOYMENT_TARGET = 7.1;
				SDKROOT = iphoneos;
				VALIDATE_PRODUCT = YES;
			};
			name = Release;
		};
		04AEACF81BCE43B500C1B960 /* Debug */ = {
			isa = XCBuildConfiguration;
			buildSettings = {
				ASSETCATALOG_COMPILER_APPICON_NAME = AppIcon;
				ASSETCATALOG_COMPILER_LAUNCHIMAGE_NAME = LaunchImage;
				GCC_PRECOMPILE_PREFIX_HEADER = YES;
				GCC_PREFIX_HEADER = "shuai/shuai-Prefix.pch";
				INFOPLIST_FILE = "shuai/shuai-Info.plist";
				PRODUCT_NAME = "$(TARGET_NAME)";
				WRAPPER_EXTENSION = app;
			};
			name = Debug;
		};
		04AEACF91BCE43B500C1B960 /* Release */ = {
			isa = XCBuildConfiguration;
			buildSettings = {
				ASSETCATALOG_COMPILER_APPICON_NAME = AppIcon;
				ASSETCATALOG_COMPILER_LAUNCHIMAGE_NAME = LaunchImage;
				GCC_PRECOMPILE_PREFIX_HEADER = YES;
				GCC_PREFIX_HEADER = "shuai/shuai-Prefix.pch";
				INFOPLIST_FILE = "shuai/shuai-Info.plist";
				PRODUCT_NAME = "$(TARGET_NAME)";
				WRAPPER_EXTENSION = app;
			};
			name = Release;
		};
		04AEACFB1BCE43B500C1B960 /* Debug */ = {
			isa = XCBuildConfiguration;
			buildSettings = {
				BUNDLE_LOADER = "$(BUILT_PRODUCTS_DIR)/shuai.app/shuai";
				FRAMEWORK_SEARCH_PATHS = (
					"$(SDKROOT)/Developer/Library/Frameworks",
					"$(inherited)",
					"$(DEVELOPER_FRAMEWORKS_DIR)",
				);
				GCC_PRECOMPILE_PREFIX_HEADER = YES;
				GCC_PREFIX_HEADER = "shuai/shuai-Prefix.pch";
				GCC_PREPROCESSOR_DEFINITIONS = (
					"DEBUG=1",
					"$(inherited)",
				);
				INFOPLIST_FILE = "shuaiTests/shuaiTests-Info.plist";
				PRODUCT_NAME = "$(TARGET_NAME)";
				TEST_HOST = "$(BUNDLE_LOADER)";
				WRAPPER_EXTENSION = xctest;
			};
			name = Debug;
		};
		04AEACFC1BCE43B500C1B960 /* Release */ = {
			isa = XCBuildConfiguration;
			buildSettings = {
				BUNDLE_LOADER = "$(BUILT_PRODUCTS_DIR)/shuai.app/shuai";
				FRAMEWORK_SEARCH_PATHS = (
					"$(SDKROOT)/Developer/Library/Frameworks",
					"$(inherited)",
					"$(DEVELOPER_FRAMEWORKS_DIR)",
				);
				GCC_PRECOMPILE_PREFIX_HEADER = YES;
				GCC_PREFIX_HEADER = "shuai/shuai-Prefix.pch";
				INFOPLIST_FILE = "shuaiTests/shuaiTests-Info.plist";
				PRODUCT_NAME = "$(TARGET_NAME)";
				TEST_HOST = "$(BUNDLE_LOADER)";
				WRAPPER_EXTENSION = xctest;
			};
			name = Release;
		};
/* End XCBuildConfiguration section */

/* Begin XCConfigurationList section */
		04AEACC61BCE43B400C1B960 /* Build configuration list for PBXProject "shuai" */ = {
			isa = XCConfigurationList;
			buildConfigurations = (
				04AEACF51BCE43B500C1B960 /* Debug */,
				04AEACF61BCE43B500C1B960 /* Release */,
			);
			defaultConfigurationIsVisible = 0;
			defaultConfigurationName = Release;
		};
		04AEACF71BCE43B500C1B960 /* Build configuration list for PBXNativeTarget "shuai" */ = {
			isa = XCConfigurationList;
			buildConfigurations = (
				04AEACF81BCE43B500C1B960 /* Debug */,
				04AEACF91BCE43B500C1B960 /* Release */,
			);
			defaultConfigurationIsVisible = 0;
		};
		04AEACFA1BCE43B500C1B960 /* Build configuration list for PBXNativeTarget "shuaiTests" */ = {
			isa = XCConfigurationList;
			buildConfigurations = (
				04AEACFB1BCE43B500C1B960 /* Debug */,
				04AEACFC1BCE43B500C1B960 /* Release */,
			);
			defaultConfigurationIsVisible = 0;
		};
/* End XCConfigurationList section */
	};
	rootObject = 04AEACC31BCE43B400C1B960 /* Project object */;
}
